
Microsoft Visual Studio Solution File, Format Version 12.00
# Visual Studio Version 17
VisualStudioVersion = 17.0.31903.59
MinimumVisualStudioVersion = 10.0.40219.1
Project("{FAE04EC0-301F-11D3-BF4B-00C04F79EFBC}") = "P00005LongestPalindromicSubstring", "P00005LongestPalindromicSubstring\P00005LongestPalindromicSubstring.csproj", "{1DAAAEC5-4C6A-4E6A-A318-0FF70B827D7C}"
EndProject
Project("{FAE04EC0-301F-11D3-BF4B-00C04F79EFBC}") = "P00006ZigzagConversion", "P00006ZigzagConversion\P00006ZigzagConversion.csproj", "{96D4F23E-AFA2-4A99-B27C-C5E7B969D001}"
EndProject
Project("{FAE04EC0-301F-11D3-BF4B-00C04F79EFBC}") = "P00007ReverseInteger", "P00007ReverseInteger\P00007ReverseInteger.csproj", "{F4265FA2-BAD1-4953-AD73-F80C646EB67A}"
EndProject
Project("{FAE04EC0-301F-11D3-BF4B-00C04F79EFBC}") = "P00008StringToInteger", "P00008StringToInteger\P00008StringToInteger.csproj", "{228EB4C6-9125-44CF-952F-3ACF51B4C619}"
EndProject
Project("{FAE04EC0-301F-11D3-BF4B-00C04F79EFBC}") = "P00009PalindromeNumber", "P00009PalindromeNumber\P00009PalindromeNumber.csproj", "{5D0371E6-B0D8-4C68-9F89-70490BED9DED}"
EndProject
Project("{FAE04EC0-301F-11D3-BF4B-00C04F79EFBC}") = "P00010RegularExpressionMatching", "P00010RegularExpressionMatching\P00010RegularExpressionMatching.csproj", "{A8714187-0E11-4D7F-BCCA-BD3AEB807B3D}"
EndProject
Project("{FAE04EC0-301F-11D3-BF4B-00C04F79EFBC}") = "P00014LongestCommonPrefix", "P00014LongestCommonPrefix\P00014LongestCommonPrefix.csproj", "{ADF68D29-C54E-40FD-9C8A-043AA8741946}"
EndProject
Project("{FAE04EC0-301F-11D3-BF4B-00C04F79EFBC}") = "P000153Sum", "P000153Sum\P000153Sum.csproj", "{54A4E6E6-2B9C-4F6A-A004-B30A08717411}"
EndProject
Project("{FAE04EC0-301F-11D3-BF4B-00C04F79EFBC}") = "P000163SumClosest", "P000163SumClosest\P000163SumClosest.csproj", "{605E16EC-9B28-47D0-892A-11A226276F0E}"
EndProject
Project("{FAE04EC0-301F-11D3-BF4B-00C04F79EFBC}") = "P00017PhoneLetterCombinations", "P00017PhoneLetterCombinations\P00017PhoneLetterCombinations.csproj", "{A5ED801C-2888-4085-8423-63CB99B556EB}"
EndProject
Project("{FAE04EC0-301F-11D3-BF4B-00C04F79EFBC}") = "P00023MergeKSortedLists", "P00023MergeKSortedLists\P00023MergeKSortedLists.csproj", "{B29DB66C-80A8-4959-BB0A-5B30477D5679}"
EndProject
Project("{FAE04EC0-301F-11D3-BF4B-00C04F79EFBC}") = "P00021Merge2SortedLists", "P00021Merge2SortedLists\P00021Merge2SortedLists.csproj", "{E4CA9E0E-CEF5-4AF5-816F-F4890B069AB7}"
EndProject
Project("{FAE04EC0-301F-11D3-BF4B-00C04F79EFBC}") = "P00022GenerateParantheses", "P00022GenerateParantheses\P00022GenerateParantheses.csproj", "{086F5E4C-A96A-46C1-9FAA-B8142863F85C}"
EndProject
Project("{FAE04EC0-301F-11D3-BF4B-00C04F79EFBC}") = "P00024SwapNodesInPairs", "P00024SwapNodesInPairs\P00024SwapNodesInPairs.csproj", "{3F2E51EE-2C87-48BE-A4F7-C20B875D9828}"
EndProject
Project("{FAE04EC0-301F-11D3-BF4B-00C04F79EFBC}") = "P00025ReverseNodesInKGroup", "P00025ReverseNodesInKGroup\P00025ReverseNodesInKGroup.csproj", "{8FC91658-B45C-4BD3-8012-DCD576648115}"
EndProject
Project("{FAE04EC0-301F-11D3-BF4B-00C04F79EFBC}") = "P00026RemoveDuplicatesFromSortedArray", "P00026RemoveDuplicatesFromSortedArray\P00026RemoveDuplicatesFromSortedArray.csproj", "{9650F41D-85AE-4D31-A09F-D1837FA9629D}"
EndProject
Project("{FAE04EC0-301F-11D3-BF4B-00C04F79EFBC}") = "P00027RemoveElement", "P00027RemoveElement\P00027RemoveElement.csproj", "{18A13D5E-09D6-4AE3-8290-916E4C073F16}"
EndProject
Project("{FAE04EC0-301F-11D3-BF4B-00C04F79EFBC}") = "P00028FindIndexInString", "P00028FindIndexInString\P00028FindIndexInString.csproj", "{F12E0E05-B96B-46A1-88C6-09CB0AB231A4}"
EndProject
Project("{FAE04EC0-301F-11D3-BF4B-00C04F79EFBC}") = "P00029DivideTwoIntegers", "P00029DivideTwoIntegers\P00029DivideTwoIntegers.csproj", "{36268D1C-EE94-44C1-8DD5-835832E611F9}"
EndProject
Project("{FAE04EC0-301F-11D3-BF4B-00C04F79EFBC}") = "P00030SubstringWithConcatenation", "P00030SubstringWithConcatenation\P00030SubstringWithConcatenation.csproj", "{9A8F3E62-ED0A-4C39-B9A1-F055FBA5443B}"
EndProject
Project("{FAE04EC0-301F-11D3-BF4B-00C04F79EFBC}") = "P00036ValidSudoku", "P00036ValidSudoku\P00036ValidSudoku.csproj", "{422DF834-D648-4F4A-B531-140651765502}"
EndProject
Global
	GlobalSection(SolutionConfigurationPlatforms) = preSolution
		Debug|Any CPU = Debug|Any CPU
		Release|Any CPU = Release|Any CPU
	EndGlobalSection
	GlobalSection(SolutionProperties) = preSolution
		HideSolutionNode = FALSE
	EndGlobalSection
	GlobalSection(ProjectConfigurationPlatforms) = postSolution
		{1DAAAEC5-4C6A-4E6A-A318-0FF70B827D7C}.Debug|Any CPU.ActiveCfg = Debug|Any CPU
		{1DAAAEC5-4C6A-4E6A-A318-0FF70B827D7C}.Debug|Any CPU.Build.0 = Debug|Any CPU
		{1DAAAEC5-4C6A-4E6A-A318-0FF70B827D7C}.Release|Any CPU.ActiveCfg = Release|Any CPU
		{1DAAAEC5-4C6A-4E6A-A318-0FF70B827D7C}.Release|Any CPU.Build.0 = Release|Any CPU
		{96D4F23E-AFA2-4A99-B27C-C5E7B969D001}.Debug|Any CPU.ActiveCfg = Debug|Any CPU
		{96D4F23E-AFA2-4A99-B27C-C5E7B969D001}.Debug|Any CPU.Build.0 = Debug|Any CPU
		{96D4F23E-AFA2-4A99-B27C-C5E7B969D001}.Release|Any CPU.ActiveCfg = Release|Any CPU
		{96D4F23E-AFA2-4A99-B27C-C5E7B969D001}.Release|Any CPU.Build.0 = Release|Any CPU
		{F4265FA2-BAD1-4953-AD73-F80C646EB67A}.Debug|Any CPU.ActiveCfg = Debug|Any CPU
		{F4265FA2-BAD1-4953-AD73-F80C646EB67A}.Debug|Any CPU.Build.0 = Debug|Any CPU
		{F4265FA2-BAD1-4953-AD73-F80C646EB67A}.Release|Any CPU.ActiveCfg = Release|Any CPU
		{F4265FA2-BAD1-4953-AD73-F80C646EB67A}.Release|Any CPU.Build.0 = Release|Any CPU
		{228EB4C6-9125-44CF-952F-3ACF51B4C619}.Debug|Any CPU.ActiveCfg = Debug|Any CPU
		{228EB4C6-9125-44CF-952F-3ACF51B4C619}.Debug|Any CPU.Build.0 = Debug|Any CPU
		{228EB4C6-9125-44CF-952F-3ACF51B4C619}.Release|Any CPU.ActiveCfg = Release|Any CPU
		{228EB4C6-9125-44CF-952F-3ACF51B4C619}.Release|Any CPU.Build.0 = Release|Any CPU
		{5D0371E6-B0D8-4C68-9F89-70490BED9DED}.Debug|Any CPU.ActiveCfg = Debug|Any CPU
		{5D0371E6-B0D8-4C68-9F89-70490BED9DED}.Debug|Any CPU.Build.0 = Debug|Any CPU
		{5D0371E6-B0D8-4C68-9F89-70490BED9DED}.Release|Any CPU.ActiveCfg = Release|Any CPU
		{5D0371E6-B0D8-4C68-9F89-70490BED9DED}.Release|Any CPU.Build.0 = Release|Any CPU
		{A8714187-0E11-4D7F-BCCA-BD3AEB807B3D}.Debug|Any CPU.ActiveCfg = Debug|Any CPU
		{A8714187-0E11-4D7F-BCCA-BD3AEB807B3D}.Debug|Any CPU.Build.0 = Debug|Any CPU
		{A8714187-0E11-4D7F-BCCA-BD3AEB807B3D}.Release|Any CPU.ActiveCfg = Release|Any CPU
		{A8714187-0E11-4D7F-BCCA-BD3AEB807B3D}.Release|Any CPU.Build.0 = Release|Any CPU
		{ADF68D29-C54E-40FD-9C8A-043AA8741946}.Debug|Any CPU.ActiveCfg = Debug|Any CPU
		{ADF68D29-C54E-40FD-9C8A-043AA8741946}.Debug|Any CPU.Build.0 = Debug|Any CPU
		{ADF68D29-C54E-40FD-9C8A-043AA8741946}.Release|Any CPU.ActiveCfg = Release|Any CPU
		{ADF68D29-C54E-40FD-9C8A-043AA8741946}.Release|Any CPU.Build.0 = Release|Any CPU
		{54A4E6E6-2B9C-4F6A-A004-B30A08717411}.Debug|Any CPU.ActiveCfg = Debug|Any CPU
		{54A4E6E6-2B9C-4F6A-A004-B30A08717411}.Debug|Any CPU.Build.0 = Debug|Any CPU
		{54A4E6E6-2B9C-4F6A-A004-B30A08717411}.Release|Any CPU.ActiveCfg = Release|Any CPU
		{54A4E6E6-2B9C-4F6A-A004-B30A08717411}.Release|Any CPU.Build.0 = Release|Any CPU
		{605E16EC-9B28-47D0-892A-11A226276F0E}.Debug|Any CPU.ActiveCfg = Debug|Any CPU
		{605E16EC-9B28-47D0-892A-11A226276F0E}.Debug|Any CPU.Build.0 = Debug|Any CPU
		{605E16EC-9B28-47D0-892A-11A226276F0E}.Release|Any CPU.ActiveCfg = Release|Any CPU
		{605E16EC-9B28-47D0-892A-11A226276F0E}.Release|Any CPU.Build.0 = Release|Any CPU
		{A5ED801C-2888-4085-8423-63CB99B556EB}.Debug|Any CPU.ActiveCfg = Debug|Any CPU
		{A5ED801C-2888-4085-8423-63CB99B556EB}.Debug|Any CPU.Build.0 = Debug|Any CPU
		{A5ED801C-2888-4085-8423-63CB99B556EB}.Release|Any CPU.ActiveCfg = Release|Any CPU
		{A5ED801C-2888-4085-8423-63CB99B556EB}.Release|Any CPU.Build.0 = Release|Any CPU
		{B29DB66C-80A8-4959-BB0A-5B30477D5679}.Debug|Any CPU.ActiveCfg = Debug|Any CPU
		{B29DB66C-80A8-4959-BB0A-5B30477D5679}.Debug|Any CPU.Build.0 = Debug|Any CPU
		{B29DB66C-80A8-4959-BB0A-5B30477D5679}.Release|Any CPU.ActiveCfg = Release|Any CPU
		{B29DB66C-80A8-4959-BB0A-5B30477D5679}.Release|Any CPU.Build.0 = Release|Any CPU
		{E4CA9E0E-CEF5-4AF5-816F-F4890B069AB7}.Debug|Any CPU.ActiveCfg = Debug|Any CPU
		{E4CA9E0E-CEF5-4AF5-816F-F4890B069AB7}.Debug|Any CPU.Build.0 = Debug|Any CPU
		{E4CA9E0E-CEF5-4AF5-816F-F4890B069AB7}.Release|Any CPU.ActiveCfg = Release|Any CPU
		{E4CA9E0E-CEF5-4AF5-816F-F4890B069AB7}.Release|Any CPU.Build.0 = Release|Any CPU
		{086F5E4C-A96A-46C1-9FAA-B8142863F85C}.Debug|Any CPU.ActiveCfg = Debug|Any CPU
		{086F5E4C-A96A-46C1-9FAA-B8142863F85C}.Debug|Any CPU.Build.0 = Debug|Any CPU
		{086F5E4C-A96A-46C1-9FAA-B8142863F85C}.Release|Any CPU.ActiveCfg = Release|Any CPU
		{086F5E4C-A96A-46C1-9FAA-B8142863F85C}.Release|Any CPU.Build.0 = Release|Any CPU
		{3F2E51EE-2C87-48BE-A4F7-C20B875D9828}.Debug|Any CPU.ActiveCfg = Debug|Any CPU
		{3F2E51EE-2C87-48BE-A4F7-C20B875D9828}.Debug|Any CPU.Build.0 = Debug|Any CPU
		{3F2E51EE-2C87-48BE-A4F7-C20B875D9828}.Release|Any CPU.ActiveCfg = Release|Any CPU
		{3F2E51EE-2C87-48BE-A4F7-C20B875D9828}.Release|Any CPU.Build.0 = Release|Any CPU
		{8FC91658-B45C-4BD3-8012-DCD576648115}.Debug|Any CPU.ActiveCfg = Debug|Any CPU
		{8FC91658-B45C-4BD3-8012-DCD576648115}.Debug|Any CPU.Build.0 = Debug|Any CPU
		{8FC91658-B45C-4BD3-8012-DCD576648115}.Release|Any CPU.ActiveCfg = Release|Any CPU
		{8FC91658-B45C-4BD3-8012-DCD576648115}.Release|Any CPU.Build.0 = Release|Any CPU
		{9650F41D-85AE-4D31-A09F-D1837FA9629D}.Debug|Any CPU.ActiveCfg = Debug|Any CPU
		{9650F41D-85AE-4D31-A09F-D1837FA9629D}.Debug|Any CPU.Build.0 = Debug|Any CPU
		{9650F41D-85AE-4D31-A09F-D1837FA9629D}.Release|Any CPU.ActiveCfg = Release|Any CPU
		{9650F41D-85AE-4D31-A09F-D1837FA9629D}.Release|Any CPU.Build.0 = Release|Any CPU
		{18A13D5E-09D6-4AE3-8290-916E4C073F16}.Debug|Any CPU.ActiveCfg = Debug|Any CPU
		{18A13D5E-09D6-4AE3-8290-916E4C073F16}.Debug|Any CPU.Build.0 = Debug|Any CPU
		{18A13D5E-09D6-4AE3-8290-916E4C073F16}.Release|Any CPU.ActiveCfg = Release|Any CPU
		{18A13D5E-09D6-4AE3-8290-916E4C073F16}.Release|Any CPU.Build.0 = Release|Any CPU
		{F12E0E05-B96B-46A1-88C6-09CB0AB231A4}.Debug|Any CPU.ActiveCfg = Debug|Any CPU
		{F12E0E05-B96B-46A1-88C6-09CB0AB231A4}.Debug|Any CPU.Build.0 = Debug|Any CPU
		{F12E0E05-B96B-46A1-88C6-09CB0AB231A4}.Release|Any CPU.ActiveCfg = Release|Any CPU
		{F12E0E05-B96B-46A1-88C6-09CB0AB231A4}.Release|Any CPU.Build.0 = Release|Any CPU
		{36268D1C-EE94-44C1-8DD5-835832E611F9}.Debug|Any CPU.ActiveCfg = Debug|Any CPU
		{36268D1C-EE94-44C1-8DD5-835832E611F9}.Debug|Any CPU.Build.0 = Debug|Any CPU
		{36268D1C-EE94-44C1-8DD5-835832E611F9}.Release|Any CPU.ActiveCfg = Release|Any CPU
		{36268D1C-EE94-44C1-8DD5-835832E611F9}.Release|Any CPU.Build.0 = Release|Any CPU
		{9A8F3E62-ED0A-4C39-B9A1-F055FBA5443B}.Debug|Any CPU.ActiveCfg = Debug|Any CPU
		{9A8F3E62-ED0A-4C39-B9A1-F055FBA5443B}.Debug|Any CPU.Build.0 = Debug|Any CPU
		{9A8F3E62-ED0A-4C39-B9A1-F055FBA5443B}.Release|Any CPU.ActiveCfg = Release|Any CPU
		{9A8F3E62-ED0A-4C39-B9A1-F055FBA5443B}.Release|Any CPU.Build.0 = Release|Any CPU
		{422DF834-D648-4F4A-B531-140651765502}.Debug|Any CPU.ActiveCfg = Debug|Any CPU
		{422DF834-D648-4F4A-B531-140651765502}.Debug|Any CPU.Build.0 = Debug|Any CPU
		{422DF834-D648-4F4A-B531-140651765502}.Release|Any CPU.ActiveCfg = Release|Any CPU
		{422DF834-D648-4F4A-B531-140651765502}.Release|Any CPU.Build.0 = Release|Any CPU
	EndGlobalSection
EndGlobal
