Microsoft Visual Studio Solution File, Format Version 12.00
# Visual Studio Version 17
VisualStudioVersion = 17.5.2.0
MinimumVisualStudioVersion = 10.0.40219.1
Project("{FAE04EC0-301F-11D3-BF4B-00C04F79EFBC}") = "P00224BasicCalculator", "P00224BasicCalculator.csproj", "{290A19A7-0D10-E8CB-1A21-AF85545231A9}"
EndProject
Global
	GlobalSection(SolutionConfigurationPlatforms) = preSolution
		Debug|Any CPU = Debug|Any CPU
		Release|Any CPU = Release|Any CPU
	EndGlobalSection
	GlobalSection(ProjectConfigurationPlatforms) = postSolution
		{290A19A7-0D10-E8CB-1A21-AF85545231A9}.Debug|Any CPU.ActiveCfg = Debug|Any CPU
		{290A19A7-0D10-E8CB-1A21-AF85545231A9}.Debug|Any CPU.Build.0 = Debug|Any CPU
		{290A19A7-0D10-E8CB-1A21-AF85545231A9}.Release|Any CPU.ActiveCfg = Release|Any CPU
		{290A19A7-0D10-E8CB-1A21-AF85545231A9}.Release|Any CPU.Build.0 = Release|Any CPU
	EndGlobalSection
	GlobalSection(SolutionProperties) = preSolution
		HideSolutionNode = FALSE
	EndGlobalSection
	GlobalSection(ExtensibilityGlobals) = postSolution
		SolutionGuid = {E50BF974-E858-4A37-98EB-E41143F5FA3B}
	EndGlobalSection
EndGlobal
